
Microsoft Visual Studio Solution File, Format Version 12.00
# Visual Studio Version 17
VisualStudioVersion = 17.8.34316.72
MinimumVisualStudioVersion = 10.0.40219.1
Project("{FAE04EC0-301F-11D3-BF4B-00C04F79EFBC}") = "PublisherComplexWeb.Domain", "PublisherComplexWeb.Domain\PublisherComplexWeb.Domain.csproj", "{CA5F2E1F-C48D-4E5D-AEA8-DFD5238C814F}"
EndProject
Global
	GlobalSection(SolutionConfigurationPlatforms) = preSolution
		Debug|Any CPU = Debug|Any CPU
		Release|Any CPU = Release|Any CPU
	EndGlobalSection
	GlobalSection(ProjectConfigurationPlatforms) = postSolution
		{CA5F2E1F-C48D-4E5D-AEA8-DFD5238C814F}.Debug|Any CPU.ActiveCfg = Debug|Any CPU
		{CA5F2E1F-C48D-4E5D-AEA8-DFD5238C814F}.Debug|Any CPU.Build.0 = Debug|Any CPU
		{CA5F2E1F-C48D-4E5D-AEA8-DFD5238C814F}.Release|Any CPU.ActiveCfg = Release|Any CPU
		{CA5F2E1F-C48D-4E5D-AEA8-DFD5238C814F}.Release|Any CPU.Build.0 = Release|Any CPU
	EndGlobalSection
	GlobalSection(SolutionProperties) = preSolution
		HideSolutionNode = FALSE
	EndGlobalSection
	GlobalSection(ExtensibilityGlobals) = postSolution
		SolutionGuid = {5ABC923F-D3C3-4C2B-B8E9-42AD69DB150A}
	EndGlobalSection
EndGlobal
